uuid: 3f8a2699-cfc9-4892-b864-ec5a35e3ea26
langcode: en
status: true
dependencies:
  config:
    - field.storage.node.field_videoblock
    - node.type.frontpage
id: node.frontpage.field_videoblock
field_name: field_videoblock
entity_type: node
bundle: frontpage
label: Videoblock
description: ''
required: false
translatable: false
default_value: {  }
default_value_callback: ''
settings:
  handler: 'default:block'
  handler_settings:
    target_bundles: null
    auto_create: false
field_type: entity_reference
