uuid: 6b436ef5-365e-4f11-83c7-98d050895d08
langcode: en
status: true
dependencies:
  config:
    - block_content.type.simple_block
  module:
    - content_translation
third_party_settings:
  content_translation:
    enabled: false
    bundle_settings:
      untranslatable_fields_hide: '0'
id: block_content.simple_block
target_entity_type_id: block_content
target_bundle: simple_block
default_langcode: site_default
language_alterable: false
